
Microsoft Visual Studio Solution File, Format Version 12.00
Project("{FAE04EC0-301F-11D3-BF4B-00C04F79EFBC}") = "StringFormatterProject", "StringFormatterProject\StringFormatterProject.csproj", "{C1919CA3-8C92-47FF-95C5-DE9F68BCAD8D}"
EndProject
Project("{FAE04EC0-301F-11D3-BF4B-00C04F79EFBC}") = "Tests", "Tests\Tests.csproj", "{C26F41EF-BBCA-452A-9F9B-BFCB76E1A27E}"
EndProject
Global
	GlobalSection(SolutionConfigurationPlatforms) = preSolution
		Debug|Any CPU = Debug|Any CPU
		Release|Any CPU = Release|Any CPU
	EndGlobalSection
	GlobalSection(ProjectConfigurationPlatforms) = postSolution
		{C1919CA3-8C92-47FF-95C5-DE9F68BCAD8D}.Debug|Any CPU.ActiveCfg = Debug|Any CPU
		{C1919CA3-8C92-47FF-95C5-DE9F68BCAD8D}.Debug|Any CPU.Build.0 = Debug|Any CPU
		{C1919CA3-8C92-47FF-95C5-DE9F68BCAD8D}.Release|Any CPU.ActiveCfg = Release|Any CPU
		{C1919CA3-8C92-47FF-95C5-DE9F68BCAD8D}.Release|Any CPU.Build.0 = Release|Any CPU
		{C26F41EF-BBCA-452A-9F9B-BFCB76E1A27E}.Debug|Any CPU.ActiveCfg = Debug|Any CPU
		{C26F41EF-BBCA-452A-9F9B-BFCB76E1A27E}.Debug|Any CPU.Build.0 = Debug|Any CPU
		{C26F41EF-BBCA-452A-9F9B-BFCB76E1A27E}.Release|Any CPU.ActiveCfg = Release|Any CPU
		{C26F41EF-BBCA-452A-9F9B-BFCB76E1A27E}.Release|Any CPU.Build.0 = Release|Any CPU
	EndGlobalSection
EndGlobal
